{
  "name": "amr-rich-black-theme",
  "version": "1.1.0",
  "lockfileVersion": 3,
  "requires": true,
  "packages": {
    "": {
      "name": "amr-rich-black-theme",
      "version": "1.1.0",
      "license": "MIT",
      "dependencies": {
        "amr-rich-black-theme": "file:"
      },
      "engines": {
        "vscode": "^1.80.0"
      }
    },
    "node_modules/amr-rich-black-theme": {
      "resolved": "",
      "link": true
    }
  }
}
